{
  "name": "@isle/pages",
  "version": "0.2.23",
  "lockfileVersion": 1,
  "requires": true,
  "dependencies": {
    "@types/estree": {
      "version": "0.0.39",
      "resolved": "https://registry.npmjs.org/@types/estree/-/estree-0.0.39.tgz",
      "integrity": "sha512-EYNwp3bU+98cpU4lAWYYL7Zz+2gryWH1qbdDTidVd6hkiR6weksdbMadyXKXNPEkQFhXM+hVO9ZygomHXp+AIw==",
      "dev": true
    },
    "@types/node": {
      "version": "12.0.8",
      "resolved": "https://registry.npmjs.org/@types/node/-/node-12.0.8.tgz",
      "integrity": "sha512-b8bbUOTwzIY3V5vDTY1fIJ+ePKDUBqt2hC2woVGotdQQhG/2Sh62HOKHrT7ab+VerXAcPyAiTEipPu/FsreUtg==",
      "dev": true
    },
    "acorn": {
      "version": "6.1.1",
      "resolved": "https://registry.npmjs.org/acorn/-/acorn-6.1.1.tgz",
      "integrity": "sha512-jPTiwtOxaHNaAPg/dmrJ/beuzLRnXtB0kQPQ8JpotKJgTB6rX6c8mlf315941pyjBSaPg8NHXS9fhP4u17DpGA==",
      "dev": true
    },
    "detect-node": {
      "version": "2.0.4",
      "resolved": "https://registry.npmjs.org/detect-node/-/detect-node-2.0.4.tgz",
      "integrity": "sha512-ZIzRpLJrOj7jjP2miAtgqIfmzbxa4ZOr5jJc601zklsfEx9oTzmmj2nVpIPRpNlRTIh8lc1kyViIY7BWSGNmKw=="
    },
    "hoist-non-react-statics": {
      "version": "2.5.5",
      "resolved": "https://registry.npmjs.org/hoist-non-react-statics/-/hoist-non-react-statics-2.5.5.tgz",
      "integrity": "sha512-rqcy4pJo55FTTLWt+bU8ukscqHeE/e9KWvsOW2b/a3afxQZhwkQdT1rPPCJ0rYXdj4vNcasY8zHTH+jF/qStxw=="
    },
    "hoist-react-statics": {
      "version": "1.0.2",
      "resolved": "https://registry.npmjs.org/hoist-react-statics/-/hoist-react-statics-1.0.2.tgz",
      "integrity": "sha512-tAUX5aT4aKq+D1E1hVnf+veWZPDCOZFaPZri+T38XNs1SueTDQWVwcVy0pEkjV6tCq0Xl6HMyTgzJjs7W2w92w==",
      "requires": {
        "hoist-non-react-statics": "^2.3.1",
        "react-display-name": "^0.2.3"
      }
    },
    "nanoid": {
      "version": "2.0.3",
      "resolved": "https://registry.npmjs.org/nanoid/-/nanoid-2.0.3.tgz",
      "integrity": "sha512-NbaoqdhIYmY6FXDRB4eYtDVC9Z9eCbn8TyaiC16LNKtpPv/aqa0tOPD8y6gNE4yUNnaZ7LLhYtXOev/6+cBtfw=="
    },
    "react-display-name": {
      "version": "0.2.4",
      "resolved": "https://registry.npmjs.org/react-display-name/-/react-display-name-0.2.4.tgz",
      "integrity": "sha512-zvU6iouW+SWwHTyThwxGICjJYCMZFk/6r/+jmOdC7ntQoPlS/Pqb81MkxaMf2bHTSq9TN3K3zX2/ayMW/jCtyA=="
    },
    "react-prerendered-component": {
      "version": "1.2.2",
      "resolved": "https://registry.npmjs.org/react-prerendered-component/-/react-prerendered-component-1.2.2.tgz",
      "integrity": "sha512-FAdVuq1oV6+lNtee9PPamsfji/95kxHKpQJVPZATxBjCDxqaNIdPeeLkCHgLAigGVx/dLCKzIdtO3pRdkNo8KQ==",
      "requires": {
        "detect-node": "^2.0.4",
        "hoist-react-statics": "^1.0.2",
        "nanoid": "^2.0.1",
        "react-uid": "^2.2.0"
      }
    },
    "react-uid": {
      "version": "2.2.0",
      "resolved": "https://registry.npmjs.org/react-uid/-/react-uid-2.2.0.tgz",
      "integrity": "sha512-z+g5+hFOQ08hCfrGcJ1PNs+cmvH8Uq2CVzCmPeWBsUi5A4W4NWXR5jouledzy3oSKGMU9HOzf8zFuGi15TXJoQ=="
    },
    "rollup": {
      "version": "1.15.6",
      "resolved": "https://registry.npmjs.org/rollup/-/rollup-1.15.6.tgz",
      "integrity": "sha512-s3Vn3QJQ5YVFfIG4nXoG9VdL1I37IZsft+4ZyeBhxE0df1kCFz9e+4bEAbR4mKH3pvBO9e9xjdxWPhhIp0r9ow==",
      "dev": true,
      "requires": {
        "@types/estree": "0.0.39",
        "@types/node": "^12.0.8",
        "acorn": "^6.1.1"
      }
    }
  }
}
